# THIS IS AN AUTOGENERATED FILE. DO NOT EDIT THIS FILE DIRECTLY.
# yarn lockfile v1


"@esbuild/aix-ppc64@0.27.1":
  version "0.27.1"
  resolved "https://registry.yarnpkg.com/@esbuild/aix-ppc64/-/aix-ppc64-0.27.1.tgz#116edcd62c639ed8ab551e57b38251bb28384de4"
  integrity sha512-HHB50pdsBX6k47S4u5g/CaLjqS3qwaOVE5ILsq64jyzgMhLuCuZ8rGzM9yhsAjfjkbgUPMzZEPa7DAp7yz6vuA==

"@esbuild/android-arm64@0.27.1":
  version "0.27.1"
  resolved "https://registry.yarnpkg.com/@esbuild/android-arm64/-/android-arm64-0.27.1.tgz#31c00d864c80f6de1900a11de8a506dbfbb27349"
  integrity sha512-45fuKmAJpxnQWixOGCrS+ro4Uvb4Re9+UTieUY2f8AEc+t7d4AaZ6eUJ3Hva7dtrxAAWHtlEFsXFMAgNnGU9uQ==

"@esbuild/android-arm@0.27.1":
  version "0.27.1"
  resolved "https://registry.yarnpkg.com/@esbuild/android-arm/-/android-arm-0.27.1.tgz#d2b73ab0ba894923a1d1378fd4b15cc20985f436"
  integrity sha512-kFqa6/UcaTbGm/NncN9kzVOODjhZW8e+FRdSeypWe6j33gzclHtwlANs26JrupOntlcWmB0u8+8HZo8s7thHvg==

"@esbuild/android-x64@0.27.1":
  version "0.27.1"
  resolved "https://registry.yarnpkg.com/@esbuild/android-x64/-/android-x64-0.27.1.tgz#d9f74d8278191317250cfe0c15a13f410540b122"
  integrity sha512-LBEpOz0BsgMEeHgenf5aqmn/lLNTFXVfoWMUox8CtWWYK9X4jmQzWjoGoNb8lmAYml/tQ/Ysvm8q7szu7BoxRQ==

"@esbuild/darwin-arm64@0.27.1":
  version "0.27.1"
  resolved "https://registry.yarnpkg.com/@esbuild/darwin-arm64/-/darwin-arm64-0.27.1.tgz#baf6914b8c57ed9d41f9de54023aa3ff9b084680"
  integrity sha512-veg7fL8eMSCVKL7IW4pxb54QERtedFDfY/ASrumK/SbFsXnRazxY4YykN/THYqFnFwJ0aVjiUrVG2PwcdAEqQQ==

"@esbuild/darwin-x64@0.27.1":
  version "0.27.1"
  resolved "https://registry.yarnpkg.com/@esbuild/darwin-x64/-/darwin-x64-0.27.1.tgz#64e37400795f780a76c858a118ff19681a64b4e0"
  integrity sha512-+3ELd+nTzhfWb07Vol7EZ+5PTbJ/u74nC6iv4/lwIU99Ip5uuY6QoIf0Hn4m2HoV0qcnRivN3KSqc+FyCHjoVQ==

"@esbuild/freebsd-arm64@0.27.1":
  version "0.27.1"
  resolved "https://registry.yarnpkg.com/@esbuild/freebsd-arm64/-/freebsd-arm64-0.27.1.tgz#6572f2f235933eee906e070dfaae54488ee60acd"
  integrity sha512-/8Rfgns4XD9XOSXlzUDepG8PX+AVWHliYlUkFI3K3GB6tqbdjYqdhcb4BKRd7C0BhZSoaCxhv8kTcBrcZWP+xg==

"@esbuild/freebsd-x64@0.27.1":
  version "0.27.1"
  resolved "https://registry.yarnpkg.com/@esbuild/freebsd-x64/-/freebsd-x64-0.27.1.tgz#83105dba9cf6ac4f44336799446d7f75c8c3a1e1"
  integrity sha512-GITpD8dK9C+r+5yRT/UKVT36h/DQLOHdwGVwwoHidlnA168oD3uxA878XloXebK4Ul3gDBBIvEdL7go9gCUFzQ==

"@esbuild/linux-arm64@0.27.1":
  version "0.27.1"
  resolved "https://registry.yarnpkg.com/@esbuild/linux-arm64/-/linux-arm64-0.27.1.tgz#035ff647d4498bdf16eb2d82801f73b366477dfa"
  integrity sha512-W9//kCrh/6in9rWIBdKaMtuTTzNj6jSeG/haWBADqLLa9P8O5YSRDzgD5y9QBok4AYlzS6ARHifAb75V6G670Q==

"@esbuild/linux-arm@0.27.1":
  version "0.27.1"
  resolved "https://registry.yarnpkg.com/@esbuild/linux-arm/-/linux-arm-0.27.1.tgz#3516c74d2afbe305582dbb546d60f7978a8ece7f"
  integrity sha512-ieMID0JRZY/ZeCrsFQ3Y3NlHNCqIhTprJfDgSB3/lv5jJZ8FX3hqPyXWhe+gvS5ARMBJ242PM+VNz/ctNj//eA==

"@esbuild/linux-ia32@0.27.1":
  version "0.27.1"
  resolved "https://registry.yarnpkg.com/@esbuild/linux-ia32/-/linux-ia32-0.27.1.tgz#788db5db8ecd3d75dd41c42de0fe8f1fd967a4a7"
  integrity sha512-VIUV4z8GD8rtSVMfAj1aXFahsi/+tcoXXNYmXgzISL+KB381vbSTNdeZHHHIYqFyXcoEhu9n5cT+05tRv13rlw==

"@esbuild/linux-loong64@0.27.1":
  version "0.27.1"
  resolved "https://registry.yarnpkg.com/@esbuild/linux-loong64/-/linux-loong64-0.27.1.tgz#8211f08b146916a6302ec2b8f87ec0cc4b62c49e"
  integrity sha512-l4rfiiJRN7sTNI//ff65zJ9z8U+k6zcCg0LALU5iEWzY+a1mVZ8iWC1k5EsNKThZ7XCQ6YWtsZ8EWYm7r1UEsg==

"@esbuild/linux-mips64el@0.27.1":
  version "0.27.1"
  resolved "https://registry.yarnpkg.com/@esbuild/linux-mips64el/-/linux-mips64el-0.27.1.tgz#cc58586ea83b3f171e727a624e7883a1c3eb4c04"
  integrity sha512-U0bEuAOLvO/DWFdygTHWY8C067FXz+UbzKgxYhXC0fDieFa0kDIra1FAhsAARRJbvEyso8aAqvPdNxzWuStBnA==

"@esbuild/linux-ppc64@0.27.1":
  version "0.27.1"
  resolved "https://registry.yarnpkg.com/@esbuild/linux-ppc64/-/linux-ppc64-0.27.1.tgz#632477bbd98175cf8e53a7c9952d17fb2d6d4115"
  integrity sha512-NzdQ/Xwu6vPSf/GkdmRNsOfIeSGnh7muundsWItmBsVpMoNPVpM61qNzAVY3pZ1glzzAxLR40UyYM23eaDDbYQ==

"@esbuild/linux-riscv64@0.27.1":
  version "0.27.1"
  resolved "https://registry.yarnpkg.com/@esbuild/linux-riscv64/-/linux-riscv64-0.27.1.tgz#35435a82435a8a750edf433b83ac0d10239ac3fe"
  integrity sha512-7zlw8p3IApcsN7mFw0O1Z1PyEk6PlKMu18roImfl3iQHTnr/yAfYv6s4hXPidbDoI2Q0pW+5xeoM4eTCC0UdrQ==

"@esbuild/linux-s390x@0.27.1":
  version "0.27.1"
  resolved "https://registry.yarnpkg.com/@esbuild/linux-s390x/-/linux-s390x-0.27.1.tgz#172edd7086438edacd86c0e2ea25ac9dbb62aac5"
  integrity sha512-cGj5wli+G+nkVQdZo3+7FDKC25Uh4ZVwOAK6A06Hsvgr8WqBBuOy/1s+PUEd/6Je+vjfm6stX0kmib5b/O2Ykw==

"@esbuild/linux-x64@0.27.1":
  version "0.27.1"
  resolved "https://registry.yarnpkg.com/@esbuild/linux-x64/-/linux-x64-0.27.1.tgz#09c771de9e2d8169d5969adf298ae21581f08c7f"
  integrity sha512-z3H/HYI9MM0HTv3hQZ81f+AKb+yEoCRlUby1F80vbQ5XdzEMyY/9iNlAmhqiBKw4MJXwfgsh7ERGEOhrM1niMA==

"@esbuild/netbsd-arm64@0.27.1":
  version "0.27.1"
  resolved "https://registry.yarnpkg.com/@esbuild/netbsd-arm64/-/netbsd-arm64-0.27.1.tgz#475ac0ce7edf109a358b1669f67759de4bcbb7c4"
  integrity sha512-wzC24DxAvk8Em01YmVXyjl96Mr+ecTPyOuADAvjGg+fyBpGmxmcr2E5ttf7Im8D0sXZihpxzO1isus8MdjMCXQ==

"@esbuild/netbsd-x64@0.27.1":
  version "0.27.1"
  resolved "https://registry.yarnpkg.com/@esbuild/netbsd-x64/-/netbsd-x64-0.27.1.tgz#3c31603d592477dc43b63df1ae100000f7fb59d7"
  integrity sha512-1YQ8ybGi2yIXswu6eNzJsrYIGFpnlzEWRl6iR5gMgmsrR0FcNoV1m9k9sc3PuP5rUBLshOZylc9nqSgymI+TYg==

"@esbuild/openbsd-arm64@0.27.1":
  version "0.27.1"
  resolved "https://registry.yarnpkg.com/@esbuild/openbsd-arm64/-/openbsd-arm64-0.27.1.tgz#482067c847665b10d66431e936d4bc5fa8025abf"
  integrity sha512-5Z+DzLCrq5wmU7RDaMDe2DVXMRm2tTDvX2KU14JJVBN2CT/qov7XVix85QoJqHltpvAOZUAc3ndU56HSMWrv8g==

"@esbuild/openbsd-x64@0.27.1":
  version "0.27.1"
  resolved "https://registry.yarnpkg.com/@esbuild/openbsd-x64/-/openbsd-x64-0.27.1.tgz#687a188c2b184e5b671c5f74a6cd6247c0718c52"
  integrity sha512-Q73ENzIdPF5jap4wqLtsfh8YbYSZ8Q0wnxplOlZUOyZy7B4ZKW8DXGWgTCZmF8VWD7Tciwv5F4NsRf6vYlZtqg==

"@esbuild/openharmony-arm64@0.27.1":
  version "0.27.1"
  resolved "https://registry.yarnpkg.com/@esbuild/openharmony-arm64/-/openharmony-arm64-0.27.1.tgz#9929ee7fa8c1db2f33ef4d86198018dac9c1744f"
  integrity sha512-ajbHrGM/XiK+sXM0JzEbJAen+0E+JMQZ2l4RR4VFwvV9JEERx+oxtgkpoKv1SevhjavK2z2ReHk32pjzktWbGg==

"@esbuild/sunos-x64@0.27.1":
  version "0.27.1"
  resolved "https://registry.yarnpkg.com/@esbuild/sunos-x64/-/sunos-x64-0.27.1.tgz#94071a146f313e7394c6424af07b2b564f1f994d"
  integrity sha512-IPUW+y4VIjuDVn+OMzHc5FV4GubIwPnsz6ubkvN8cuhEqH81NovB53IUlrlBkPMEPxvNnf79MGBoz8rZ2iW8HA==

"@esbuild/win32-arm64@0.27.1":
  version "0.27.1"
  resolved "https://registry.yarnpkg.com/@esbuild/win32-arm64/-/win32-arm64-0.27.1.tgz#869fde72a3576fdf48824085d05493fceebe395d"
  integrity sha512-RIVRWiljWA6CdVu8zkWcRmGP7iRRIIwvhDKem8UMBjPql2TXM5PkDVvvrzMtj1V+WFPB4K7zkIGM7VzRtFkjdg==

"@esbuild/win32-ia32@0.27.1":
  version "0.27.1"
  resolved "https://registry.yarnpkg.com/@esbuild/win32-ia32/-/win32-ia32-0.27.1.tgz#31d7585893ed7b54483d0b8d87a4bfeba0ecfff5"
  integrity sha512-2BR5M8CPbptC1AK5JbJT1fWrHLvejwZidKx3UMSF0ecHMa+smhi16drIrCEggkgviBwLYd5nwrFLSl5Kho96RQ==

"@esbuild/win32-x64@0.27.1":
  version "0.27.1"
  resolved "https://registry.yarnpkg.com/@esbuild/win32-x64/-/win32-x64-0.27.1.tgz#5efe5a112938b1180e98c76685ff9185cfa4f16e"
  integrity sha512-d5X6RMYv6taIymSk8JBP+nxv8DQAMY6A51GPgusqLdK9wBz5wWIXy1KjTck6HnjE9hqJzJRdk+1p/t5soSbCtw==

"@midnight-ntwrk/compact-runtime@0.8.1":
  version "0.8.1"
  resolved "https://registry.yarnpkg.com/@midnight-ntwrk/compact-runtime/-/compact-runtime-0.8.1.tgz#f6fb532ab1149e9509d0cdb2a93d47db31766ecb"
  integrity sha512-ZXG/iprEqTCxQC/P1oETGOR5CnsoemPsfb17eSANPRsm+11AcIOP0Tp8KJipN+GbycgxOA+fAVwLFqA1hDCgbw==
  dependencies:
    "@midnight-ntwrk/onchain-runtime" "^0.3.0"
    "@types/object-inspect" "^1.8.1"
    object-inspect "^1.12.3"

"@midnight-ntwrk/ledger@4.0.0":
  version "4.0.0"
  resolved "https://registry.yarnpkg.com/@midnight-ntwrk/ledger/-/ledger-4.0.0.tgz#2cf7370ff6e27482cce60724f114935512b5e473"
  integrity sha512-cnJisY8uQ4NO54miDnjs/ov6n102ZPfKEPxtiDKVEdlKijcc70jz/CI2yBCc0itlwwaqma7FM2Ou5N4pWpbwbg==

"@midnight-ntwrk/midnight-js-network-id@2.0.2":
  version "2.0.2"
  resolved "https://registry.yarnpkg.com/@midnight-ntwrk/midnight-js-network-id/-/midnight-js-network-id-2.0.2.tgz#fec73647d08eb664f8fdac8fd627d8b9ded2dfdb"
  integrity sha512-ogBBC5Ox2B2QZo4XxXYr3AxwgUeC4LEmLasLInjMk0p0m//8iI6NmH4/5f0pEOxDtGSuA+piuSonxuQMLM6GUg==

"@midnight-ntwrk/midnight-js-types@2.0.2":
  version "2.0.2"
  resolved "https://registry.yarnpkg.com/@midnight-ntwrk/midnight-js-types/-/midnight-js-types-2.0.2.tgz#c40083724d6a2d1ae7d47a9145429c3bbbb59c61"
  integrity sha512-ewHBQRCvY8u0+JAGdjQ86KsyoTA3dbNBLkuZ1o5U6vU/1jFjnFA1FL9skTgdXzSKjjfwA930i+OvbaUaUzFEHQ==
  dependencies:
    rxjs "^7.5.0"

"@midnight-ntwrk/midnight-js-utils@2.0.2":
  version "2.0.2"
  resolved "https://registry.yarnpkg.com/@midnight-ntwrk/midnight-js-utils/-/midnight-js-utils-2.0.2.tgz#ef269f4008988a2d1219812e7caa31e63a10d578"
  integrity sha512-c01Nh9BfwxwijItgrieeXtdwfOZuQd9gWMX+294rT8Pq+vydIt61+0V89TLIT7nh/1d7Z2Bu9X5+9rFzfzwylA==

"@midnight-ntwrk/onchain-runtime@^0.3.0":
  version "0.3.0"
  resolved "https://registry.yarnpkg.com/@midnight-ntwrk/onchain-runtime/-/onchain-runtime-0.3.0.tgz#48f44f2aa2123f4009bbe3b191dd162c053c8e0a"
  integrity sha512-vZWPoz7MhXO5UgWZET50g7APOcT5dbAfADDcrSreeOagV8lj7JJzlnYIIhrcUaMOv+NHWxPaUcJUYUkmu9LoTA==

"@midnight-ntwrk/wallet-api@5.0.0", "@midnight-ntwrk/wallet-api@^5.0.0":
  version "5.0.0"
  resolved "https://registry.yarnpkg.com/@midnight-ntwrk/wallet-api/-/wallet-api-5.0.0.tgz#3fdac91d3019d1e0e8f440a6444d9fd840f72741"
  integrity sha512-L5Z9+v+ouqTtPLoXpngtBVHZ0SmC3zLrCZbuYnd/ul6p9UbwUQ3AQeqMhclv2jhwFRNYsL0fBOqpD5dvs4SvLQ==
  dependencies:
    "@midnight-ntwrk/zswap" "^4.0.0"

"@midnight-ntwrk/wallet-sdk-address-format@^2.0.0":
  version "2.0.0"
  resolved "https://registry.yarnpkg.com/@midnight-ntwrk/wallet-sdk-address-format/-/wallet-sdk-address-format-2.0.0.tgz#655a703be8e7281b08cfe84c0478026f5212d240"
  integrity sha512-S/3uIfXXUcklYocO0UPey+15uI095CFuCyJRYgxnTmkIXrgjOn8IfSHnReHDtE6JKkvdN2EXlYVt4ufRdCMuPA==
  dependencies:
    "@scure/base" "^1.1.9"

"@midnight-ntwrk/wallet-sdk-capabilities@^2.0.0":
  version "2.0.0"
  resolved "https://registry.yarnpkg.com/@midnight-ntwrk/wallet-sdk-capabilities/-/wallet-sdk-capabilities-2.0.0.tgz#2be32fb38122603c262184c024bf8b99e8ce3573"
  integrity sha512-zl1uZwy8bMlpNfze6rRTEMZiOCKr4dYBYoIVKLPkck1vKcz3nhsjFAkNfsYtFyND/K7/7mLZBtuHxGWX4gYxXQ==

"@midnight-ntwrk/wallet@5.0.0":
  version "5.0.0"
  resolved "https://registry.yarnpkg.com/@midnight-ntwrk/wallet/-/wallet-5.0.0.tgz#0019bbe327e49af96b27b9dc99bbe2015397a4e2"
  integrity sha512-30NjR0w4lOtFrJmwrV0MiFg6QtoKLmCd3e0vy5RxKOvdE8Au6N7O9jiEyZc13c2pk4Pj9ShKL8qukybQhhCuTQ==
  dependencies:
    "@midnight-ntwrk/wallet-api" "^5.0.0"
    "@midnight-ntwrk/wallet-sdk-address-format" "^2.0.0"
    "@midnight-ntwrk/wallet-sdk-capabilities" "^2.0.0"
    "@midnight-ntwrk/zswap" "4.0.0"
    isomorphic-ws "^5.0.0"
    node-fetch "3.3.2"
    rxjs "^7.5"
    scale-ts "^1.1.0"
    ws "^8.8.1"

"@midnight-ntwrk/zswap@4.0.0", "@midnight-ntwrk/zswap@^4.0.0":
  version "4.0.0"
  resolved "https://registry.yarnpkg.com/@midnight-ntwrk/zswap/-/zswap-4.0.0.tgz#cf83884fe94a4f03aadfc82e5161c05d54822053"
  integrity sha512-yKfzp4M/wUkqxUJv1D2SizojYdWYnF3FDeKaxPehLPOFC4BrR9KnLZsNR2Y/occ8a4yFDtQXf7bN1QvK5k7Grw==

"@scure/base@^1.1.9":
  version "1.2.6"
  resolved "https://registry.yarnpkg.com/@scure/base/-/base-1.2.6.tgz#ca917184b8231394dd8847509c67a0be522e59f6"
  integrity sha512-g/nm5FgUa//MCj1gV09zTJTaM6KBAHqLN907YVQqf7zC49+DcO4B1so4ZX07Ef10Twr6nuqYEH9GEggFXA4Fmg==

"@types/node@^18.18.6":
  version "18.19.130"
  resolved "https://registry.yarnpkg.com/@types/node/-/node-18.19.130.tgz#da4c6324793a79defb7a62cba3947ec5add00d59"
  integrity sha512-GRaXQx6jGfL8sKfaIDD6OupbIHBr9jv7Jnaml9tB7l4v068PAOXqfcujMMo5PhbIs6ggR1XODELqahT2R8v0fg==
  dependencies:
    undici-types "~5.26.4"

"@types/object-inspect@^1.8.1":
  version "1.13.0"
  resolved "https://registry.yarnpkg.com/@types/object-inspect/-/object-inspect-1.13.0.tgz#f80afdc636247ef4cfa2a16ffcbf124084dae5dd"
  integrity sha512-lwGTVESDDV+XsQ1pH4UifpJ1f7OtXzQ6QBOX2Afq2bM/T3oOt8hF6exJMjjIjtEWeAN2YAo25J7HxWh97CCz9w==

abort-controller@^3.0.0:
  version "3.0.0"
  resolved "https://registry.yarnpkg.com/abort-controller/-/abort-controller-3.0.0.tgz#eaf54d53b62bae4138e809ca225c8439a6efb392"
  integrity sha512-h8lQ8tacZYnR3vNQTgibj+tODHI5/+l06Au2Pcriv/Gmet0eaj4TwWH41sO9wnHDiQsEj19q0drzdWdeAHtweg==
  dependencies:
    event-target-shim "^5.0.0"

atomic-sleep@^1.0.0:
  version "1.0.0"
  resolved "https://registry.yarnpkg.com/atomic-sleep/-/atomic-sleep-1.0.0.tgz#eb85b77a601fc932cfe432c5acd364a9e2c9075b"
  integrity sha512-kNOjDqAh7px0XWNI+4QbzoiR/nTkHAWNud2uvnJquD1/x5a7EQZMJT0AczqK0Qn67oY/TTQ1LbUKajZpp3I9tQ==

base64-js@^1.3.1:
  version "1.5.1"
  resolved "https://registry.yarnpkg.com/base64-js/-/base64-js-1.5.1.tgz#1b1b440160a5bf7ad40b650f095963481903930a"
  integrity sha512-AKpaYlHn8t4SVbOHCy+b5+KKgvR4vrsD8vbvrbiQJps7fKDTkjkDry6ji0rUJjC0kzbNePLwzxq8iypo41qeWA==

buffer@^6.0.3:
  version "6.0.3"
  resolved "https://registry.yarnpkg.com/buffer/-/buffer-6.0.3.tgz#2ace578459cc8fbe2a70aaa8f52ee63b6a74c6c6"
  integrity sha512-FTiCpNxtwiZZHEZbcbTIcZjERVICn9yq/pDFkTl95/AxzD1naBctN7YO68riM/gLSDY7sdrMby8hofADYuuqOA==
  dependencies:
    base64-js "^1.3.1"
    ieee754 "^1.2.1"

colorette@^2.0.7:
  version "2.0.20"
  resolved "https://registry.yarnpkg.com/colorette/-/colorette-2.0.20.tgz#9eb793e6833067f7235902fcd3b09917a000a95a"
  integrity sha512-IfEDxwoWIjkeXL1eXcDiow4UbKjhLdq6/EuSVR9GMN7KVH3r9gQ83e73hsz1Nd1T3ijd5xv1wcWRYO+D6kCI2w==

data-uri-to-buffer@^4.0.0:
  version "4.0.1"
  resolved "https://registry.yarnpkg.com/data-uri-to-buffer/-/data-uri-to-buffer-4.0.1.tgz#d8feb2b2881e6a4f58c2e08acfd0e2834e26222e"
  integrity sha512-0R9ikRb668HB7QDxT1vkpuUBtqc53YyAwMwGeUFKRojY/NWKvdZ+9UYtRfGmhqNbRkTSVpMbmyhXipFFv2cb/A==

dateformat@^4.6.3:
  version "4.6.3"
  resolved "https://registry.yarnpkg.com/dateformat/-/dateformat-4.6.3.tgz#556fa6497e5217fedb78821424f8a1c22fa3f4b5"
  integrity sha512-2P0p0pFGzHS5EMnhdxQi7aJN+iMheud0UhG4dlE1DLAlvL8JHjJJTX/CSm4JXwV0Ka5nGk3zC5mcb5bUQUxxMA==

end-of-stream@^1.1.0:
  version "1.4.5"
  resolved "https://registry.yarnpkg.com/end-of-stream/-/end-of-stream-1.4.5.tgz#7344d711dea40e0b74abc2ed49778743ccedb08c"
  integrity sha512-ooEGc6HP26xXq/N+GCGOT0JKCLDGrq2bQUZrQ7gyrJiZANJ/8YDTxTpQBXGMn+WbIQXNVpyWymm7KYVICQnyOg==
  dependencies:
    once "^1.4.0"

esbuild@~0.27.0:
  version "0.27.1"
  resolved "https://registry.yarnpkg.com/esbuild/-/esbuild-0.27.1.tgz#56bf43e6a4b4d2004642ec7c091b78de02b0831a"
  integrity sha512-yY35KZckJJuVVPXpvjgxiCuVEJT67F6zDeVTv4rizyPrfGBUpZQsvmxnN+C371c2esD/hNMjj4tpBhuueLN7aA==
  optionalDependencies:
    "@esbuild/aix-ppc64" "0.27.1"
    "@esbuild/android-arm" "0.27.1"
    "@esbuild/android-arm64" "0.27.1"
    "@esbuild/android-x64" "0.27.1"
    "@esbuild/darwin-arm64" "0.27.1"
    "@esbuild/darwin-x64" "0.27.1"
    "@esbuild/freebsd-arm64" "0.27.1"
    "@esbuild/freebsd-x64" "0.27.1"
    "@esbuild/linux-arm" "0.27.1"
    "@esbuild/linux-arm64" "0.27.1"
    "@esbuild/linux-ia32" "0.27.1"
    "@esbuild/linux-loong64" "0.27.1"
    "@esbuild/linux-mips64el" "0.27.1"
    "@esbuild/linux-ppc64" "0.27.1"
    "@esbuild/linux-riscv64" "0.27.1"
    "@esbuild/linux-s390x" "0.27.1"
    "@esbuild/linux-x64" "0.27.1"
    "@esbuild/netbsd-arm64" "0.27.1"
    "@esbuild/netbsd-x64" "0.27.1"
    "@esbuild/openbsd-arm64" "0.27.1"
    "@esbuild/openbsd-x64" "0.27.1"
    "@esbuild/openharmony-arm64" "0.27.1"
    "@esbuild/sunos-x64" "0.27.1"
    "@esbuild/win32-arm64" "0.27.1"
    "@esbuild/win32-ia32" "0.27.1"
    "@esbuild/win32-x64" "0.27.1"

event-target-shim@^5.0.0:
  version "5.0.1"
  resolved "https://registry.yarnpkg.com/event-target-shim/-/event-target-shim-5.0.1.tgz#5d4d3ebdf9583d63a5333ce2deb7480ab2b05789"
  integrity sha512-i/2XbnSz/uxRCU6+NdVJgKWDTM427+MqYbkQzD321DuCQJUqOuJKIA0IM2+W2xtYHdKOmZ4dR6fExsd4SXL+WQ==

events@^3.3.0:
  version "3.3.0"
  resolved "https://registry.yarnpkg.com/events/-/events-3.3.0.tgz#31a95ad0a924e2d2c419a813aeb2c4e878ea7400"
  integrity sha512-mQw+2fkQbALzQ7V0MY0IqdnXNOeTtP4r0lN9z7AAawCXgqea7bDii20AYrIBrFd/Hx0M2Ocz6S111CaFkUcb0Q==

fast-check@^3.15.0:
  version "3.23.2"
  resolved "https://registry.yarnpkg.com/fast-check/-/fast-check-3.23.2.tgz#0129f1eb7e4f500f58e8290edc83c670e4a574a2"
  integrity sha512-h5+1OzzfCC3Ef7VbtKdcv7zsstUQwUDlYpUTvjeUsJAssPgLn7QzbboPtL5ro04Mq0rPOsMzl7q5hIbRs2wD1A==
  dependencies:
    pure-rand "^6.1.0"

fast-copy@^3.0.0:
  version "3.0.2"
  resolved "https://registry.yarnpkg.com/fast-copy/-/fast-copy-3.0.2.tgz#59c68f59ccbcac82050ba992e0d5c389097c9d35"
  integrity sha512-dl0O9Vhju8IrcLndv2eU4ldt1ftXMqqfgN4H1cpmGV7P6jeB9FwpN9a2c8DPGE1Ys88rNUJVYDHq73CGAGOPfQ==

fast-redact@^3.1.1:
  version "3.5.0"
  resolved "https://registry.yarnpkg.com/fast-redact/-/fast-redact-3.5.0.tgz#e9ea02f7e57d0cd8438180083e93077e496285e4"
  integrity sha512-dwsoQlS7h9hMeYUq1W++23NDcBLV4KqONnITDV9DjfS3q1SgDGVrBdvvTLUotWtPSD7asWDV9/CmsZPy8Hf70A==

fast-safe-stringify@^2.1.1:
  version "2.1.1"
  resolved "https://registry.yarnpkg.com/fast-safe-stringify/-/fast-safe-stringify-2.1.1.tgz#c406a83b6e70d9e35ce3b30a81141df30aeba884"
  integrity sha512-W+KJc2dmILlPplD/H4K9l9LcAHAfPtP6BY84uVLXQ6Evcz9Lcg33Y2z1IVblT6xdY54PXYVHEv+0Wpq8Io6zkA==

fetch-blob@^3.1.2, fetch-blob@^3.1.4:
  version "3.2.0"
  resolved "https://registry.yarnpkg.com/fetch-blob/-/fetch-blob-3.2.0.tgz#f09b8d4bbd45adc6f0c20b7e787e793e309dcce9"
  integrity sha512-7yAQpD2UMJzLi1Dqv7qFYnPbaPx7ZfFK6PiIxQ4PfkGPyNyl2Ugx+a/umUonmKqjhM4DnfbMvdX6otXq83soQQ==
  dependencies:
    node-domexception "^1.0.0"
    web-streams-polyfill "^3.0.3"

formdata-polyfill@^4.0.10:
  version "4.0.10"
  resolved "https://registry.yarnpkg.com/formdata-polyfill/-/formdata-polyfill-4.0.10.tgz#24807c31c9d402e002ab3d8c720144ceb8848423"
  integrity sha512-buewHzMvYL29jdeQTVILecSaZKnt/RJWjoZCF5OW60Z67/GmSLBkOFM7qh1PI3zFNtJbaZL5eQu1vLfazOwj4g==
  dependencies:
    fetch-blob "^3.1.2"

fp-ts@^2.16.1:
  version "2.16.11"
  resolved "https://registry.yarnpkg.com/fp-ts/-/fp-ts-2.16.11.tgz#831a10514bf4e22adf12065732fc5a20c85d9623"
  integrity sha512-LaI+KaX2NFkfn1ZGHoKCmcfv7yrZsC3b8NtWsTVQeHkq4F27vI5igUuO53sxqDEa2gNQMHFPmpojDw/1zmUK7w==

fsevents@~2.3.3:
  version "2.3.3"
  resolved "https://registry.yarnpkg.com/fsevents/-/fsevents-2.3.3.tgz#cac6407785d03675a2a5e1a5305c697b347d90d6"
  integrity sha512-5xoDfX+fL7faATnagmWPpbFtwh/R77WmMMqqHGS65C3vvB0YHrgF+B1YmZ3441tMj5n63k0212XNoJwzlhffQw==

get-tsconfig@^4.7.5:
  version "4.13.0"
  resolved "https://registry.yarnpkg.com/get-tsconfig/-/get-tsconfig-4.13.0.tgz#fcdd991e6d22ab9a600f00e91c318707a5d9a0d7"
  integrity sha512-1VKTZJCwBrvbd+Wn3AOgQP/2Av+TfTCOlE4AcRJE72W1ksZXbAx8PPBR9RzgTeSPzlPMHrbANMH3LbltH73wxQ==
  dependencies:
    resolve-pkg-maps "^1.0.0"

help-me@^5.0.0:
  version "5.0.0"
  resolved "https://registry.yarnpkg.com/help-me/-/help-me-5.0.0.tgz#b1ebe63b967b74060027c2ac61f9be12d354a6f6"
  integrity sha512-7xgomUX6ADmcYzFik0HzAxh/73YlKR9bmFzf51CZwR+b6YtzU2m0u49hQCqV6SvlqIqsaxovfwdvbnsw3b/zpg==

ieee754@^1.2.1:
  version "1.2.1"
  resolved "https://registry.yarnpkg.com/ieee754/-/ieee754-1.2.1.tgz#8eb7a10a63fff25d15a57b001586d177d1b0d352"
  integrity sha512-dcyqhDvX1C46lXZcVqCpK+FtMRQVdIMN6/Df5js2zouUsqG7I6sFxitIC+7KYK29KdXOLHdu9zL4sFnoVQnqaA==

io-ts@^2.2.20:
  version "2.2.22"
  resolved "https://registry.yarnpkg.com/io-ts/-/io-ts-2.2.22.tgz#5ab0d3636fe8494a275f0266461ab019da4b8d0b"
  integrity sha512-FHCCztTkHoV9mdBsHpocLpdTAfh956ZQcIkWQxxS0U5HT53vtrcuYdQneEJKH6xILaLNzXVl2Cvwtoy8XNN0AA==

isomorphic-ws@^5.0.0:
  version "5.0.0"
  resolved "https://registry.yarnpkg.com/isomorphic-ws/-/isomorphic-ws-5.0.0.tgz#e5529148912ecb9b451b46ed44d53dae1ce04bbf"
  integrity sha512-muId7Zzn9ywDsyXgTIafTry2sV3nySZeUDe6YedVd1Hvuuep5AsIlqK+XefWpYTyJG5e503F2xIuT2lcU6rCSw==

joycon@^3.1.1:
  version "3.1.1"
  resolved "https://registry.yarnpkg.com/joycon/-/joycon-3.1.1.tgz#bce8596d6ae808f8b68168f5fc69280996894f03"
  integrity sha512-34wB/Y7MW7bzjKRjUKTa46I2Z7eV62Rkhva+KkopW7Qvv/OSWBqvkSY7vusOPrNuZcUG3tApvdVgNB8POj3SPw==

minimist@^1.2.6:
  version "1.2.8"
  resolved "https://registry.yarnpkg.com/minimist/-/minimist-1.2.8.tgz#c1a464e7693302e082a075cee0c057741ac4772c"
  integrity sha512-2yyAR8qBkN3YuheJanUpWC5U3bb5osDywNB8RzDVlDwDHbocAJveqqj1u8+SVD7jkWT4yvsHCpWqqWqAxb0zCA==

node-domexception@^1.0.0:
  version "1.0.0"
  resolved "https://registry.yarnpkg.com/node-domexception/-/node-domexception-1.0.0.tgz#6888db46a1f71c0b76b3f7555016b63fe64766e5"
  integrity sha512-/jKZoMpw0F8GRwl4/eLROPA3cfcXtLApP0QzLmUT/HuPCZWyB7IY9ZrMeKw2O/nFIqPQB3PVM9aYm0F312AXDQ==

node-fetch@3.3.2:
  version "3.3.2"
  resolved "https://registry.yarnpkg.com/node-fetch/-/node-fetch-3.3.2.tgz#d1e889bacdf733b4ff3b2b243eb7a12866a0b78b"
  integrity sha512-dRB78srN/l6gqWulah9SrxeYnxeddIG30+GOqK/9OlLVyLg3HPnr6SqOWTWOXKRwC2eGYCkZ59NNuSgvSrpgOA==
  dependencies:
    data-uri-to-buffer "^4.0.0"
    fetch-blob "^3.1.4"
    formdata-polyfill "^4.0.10"

object-inspect@^1.12.3:
  version "1.13.4"
  resolved "https://registry.yarnpkg.com/object-inspect/-/object-inspect-1.13.4.tgz#8375265e21bc20d0fa582c22e1b13485d6e00213"
  integrity sha512-W67iLl4J2EXEGTbfeHCffrjDfitvLANg0UlX3wFUUSTx92KXRFegMHUVgSqE+wvhAbi4WqjGg9czysTV2Epbew==

on-exit-leak-free@^2.1.0:
  version "2.1.2"
  resolved "https://registry.yarnpkg.com/on-exit-leak-free/-/on-exit-leak-free-2.1.2.tgz#fed195c9ebddb7d9e4c3842f93f281ac8dadd3b8"
  integrity sha512-0eJJY6hXLGf1udHwfNftBqH+g73EU4B504nZeKpz1sYRKafAghwxEJunB2O7rDZkL4PGfsMVnTXZ2EjibbqcsA==

once@^1.3.1, once@^1.4.0:
  version "1.4.0"
  resolved "https://registry.yarnpkg.com/once/-/once-1.4.0.tgz#583b1aa775961d4b113ac17d9c50baef9dd76bd1"
  integrity sha512-lNaJgI+2Q5URQBkccEKHTQOPaXdUxnZZElQTZY0MFUAuaEqe1E+Nyvgdz/aIyNi6Z9MzO5dv1H8n58/GELp3+w==
  dependencies:
    wrappy "1"

pino-abstract-transport@^1.0.0, pino-abstract-transport@^1.2.0:
  version "1.2.0"
  resolved "https://registry.yarnpkg.com/pino-abstract-transport/-/pino-abstract-transport-1.2.0.tgz#97f9f2631931e242da531b5c66d3079c12c9d1b5"
  integrity sha512-Guhh8EZfPCfH+PMXAb6rKOjGQEoy0xlAIn+irODG5kgfYV+BQ0rGYYWTIel3P5mmyXqkYkPmdIkywsn6QKUR1Q==
  dependencies:
    readable-stream "^4.0.0"
    split2 "^4.0.0"

pino-pretty@^10.2.3:
  version "10.3.1"
  resolved "https://registry.yarnpkg.com/pino-pretty/-/pino-pretty-10.3.1.tgz#e3285a5265211ac6c7cd5988f9e65bf3371a0ca9"
  integrity sha512-az8JbIYeN/1iLj2t0jR9DV48/LQ3RC6hZPpapKPkb84Q+yTidMCpgWxIT3N0flnBDilyBQ1luWNpOeJptjdp/g==
  dependencies:
    colorette "^2.0.7"
    dateformat "^4.6.3"
    fast-copy "^3.0.0"
    fast-safe-stringify "^2.1.1"
    help-me "^5.0.0"
    joycon "^3.1.1"
    minimist "^1.2.6"
    on-exit-leak-free "^2.1.0"
    pino-abstract-transport "^1.0.0"
    pump "^3.0.0"
    readable-stream "^4.0.0"
    secure-json-parse "^2.4.0"
    sonic-boom "^3.0.0"
    strip-json-comments "^3.1.1"

pino-std-serializers@^6.0.0:
  version "6.2.2"
  resolved "https://registry.yarnpkg.com/pino-std-serializers/-/pino-std-serializers-6.2.2.tgz#d9a9b5f2b9a402486a5fc4db0a737570a860aab3"
  integrity sha512-cHjPPsE+vhj/tnhCy/wiMh3M3z3h/j15zHQX+S9GkTBgqJuTuJzYJ4gUyACLhDaJ7kk9ba9iRDmbH2tJU03OiA==

pino@^8.16.0:
  version "8.21.0"
  resolved "https://registry.yarnpkg.com/pino/-/pino-8.21.0.tgz#e1207f3675a2722940d62da79a7a55a98409f00d"
  integrity sha512-ip4qdzjkAyDDZklUaZkcRFb2iA118H9SgRh8yzTkSQK8HilsOJF7rSY8HoW5+I0M46AZgX/pxbprf2vvzQCE0Q==
  dependencies:
    atomic-sleep "^1.0.0"
    fast-redact "^3.1.1"
    on-exit-leak-free "^2.1.0"
    pino-abstract-transport "^1.2.0"
    pino-std-serializers "^6.0.0"
    process-warning "^3.0.0"
    quick-format-unescaped "^4.0.3"
    real-require "^0.2.0"
    safe-stable-stringify "^2.3.1"
    sonic-boom "^3.7.0"
    thread-stream "^2.6.0"

process-warning@^3.0.0:
  version "3.0.0"
  resolved "https://registry.yarnpkg.com/process-warning/-/process-warning-3.0.0.tgz#96e5b88884187a1dce6f5c3166d611132058710b"
  integrity sha512-mqn0kFRl0EoqhnL0GQ0veqFHyIN1yig9RHh/InzORTUiZHFRAur+aMtRkELNwGs9aNwKS6tg/An4NYBPGwvtzQ==

process@^0.11.10:
  version "0.11.10"
  resolved "https://registry.yarnpkg.com/process/-/process-0.11.10.tgz#7332300e840161bda3e69a1d1d91a7d4bc16f182"
  integrity sha512-cdGef/drWFoydD1JsMzuFf8100nZl+GT+yacc2bEced5f9Rjk4z+WtFUTBu9PhOi9j/jfmBPu0mMEY4wIdAF8A==

pump@^3.0.0:
  version "3.0.3"
  resolved "https://registry.yarnpkg.com/pump/-/pump-3.0.3.tgz#151d979f1a29668dc0025ec589a455b53282268d"
  integrity sha512-todwxLMY7/heScKmntwQG8CXVkWUOdYxIvY2s0VWAAMh/nd8SoYiRaKjlr7+iCs984f2P8zvrfWcDDYVb73NfA==
  dependencies:
    end-of-stream "^1.1.0"
    once "^1.3.1"

pure-rand@^6.1.0:
  version "6.1.0"
  resolved "https://registry.yarnpkg.com/pure-rand/-/pure-rand-6.1.0.tgz#d173cf23258231976ccbdb05247c9787957604f2"
  integrity sha512-bVWawvoZoBYpp6yIoQtQXHZjmz35RSVHnUOTefl8Vcjr8snTPY1wnpSPMWekcFwbxI6gtmT7rSYPFvz71ldiOA==

quick-format-unescaped@^4.0.3:
  version "4.0.4"
  resolved "https://registry.yarnpkg.com/quick-format-unescaped/-/quick-format-unescaped-4.0.4.tgz#93ef6dd8d3453cbc7970dd614fad4c5954d6b5a7"
  integrity sha512-tYC1Q1hgyRuHgloV/YXs2w15unPVh8qfu/qCTfhTYamaw7fyhumKa2yGpdSo87vY32rIclj+4fWYQXUMs9EHvg==

readable-stream@^4.0.0:
  version "4.7.0"
  resolved "https://registry.yarnpkg.com/readable-stream/-/readable-stream-4.7.0.tgz#cedbd8a1146c13dfff8dab14068028d58c15ac91"
  integrity sha512-oIGGmcpTLwPga8Bn6/Z75SVaH1z5dUut2ibSyAMVhmUggWpmDn2dapB0n7f8nwaSiRtepAsfJyfXIO5DCVAODg==
  dependencies:
    abort-controller "^3.0.0"
    buffer "^6.0.3"
    events "^3.3.0"
    process "^0.11.10"
    string_decoder "^1.3.0"

real-require@^0.2.0:
  version "0.2.0"
  resolved "https://registry.yarnpkg.com/real-require/-/real-require-0.2.0.tgz#209632dea1810be2ae063a6ac084fee7e33fba78"
  integrity sha512-57frrGM/OCTLqLOAh0mhVA9VBMHd+9U7Zb2THMGdBUoZVOtGbJzjxsYGDJ3A9AYYCP4hn6y1TVbaOfzWtm5GFg==

resolve-pkg-maps@^1.0.0:
  version "1.0.0"
  resolved "https://registry.yarnpkg.com/resolve-pkg-maps/-/resolve-pkg-maps-1.0.0.tgz#616b3dc2c57056b5588c31cdf4b3d64db133720f"
  integrity sha512-seS2Tj26TBVOC2NIc2rOe2y2ZO7efxITtLZcGSOnHHNOQ7CkiUBfw0Iw2ck6xkIhPwLhKNLS8BO+hEpngQlqzw==

rxjs@^7.5, rxjs@^7.5.0, rxjs@^7.8.1:
  version "7.8.2"
  resolved "https://registry.yarnpkg.com/rxjs/-/rxjs-7.8.2.tgz#955bc473ed8af11a002a2be52071bf475638607b"
  integrity sha512-dhKf903U/PQZY6boNNtAGdWbG85WAbjT/1xYoZIC7FAY0yWapOBQVsVrDl58W86//e1VpMNBtRV4MaXfdMySFA==
  dependencies:
    tslib "^2.1.0"

safe-buffer@~5.2.0:
  version "5.2.1"
  resolved "https://registry.yarnpkg.com/safe-buffer/-/safe-buffer-5.2.1.tgz#1eaf9fa9bdb1fdd4ec75f58f9cdb4e6b7827eec6"
  integrity sha512-rp3So07KcdmmKbGvgaNxQSJr7bGVSVk5S9Eq1F+ppbRo70+YeaDxkw5Dd8NPN+GD6bjnYm2VuPuCXmpuYvmCXQ==

safe-stable-stringify@^2.3.1:
  version "2.5.0"
  resolved "https://registry.yarnpkg.com/safe-stable-stringify/-/safe-stable-stringify-2.5.0.tgz#4ca2f8e385f2831c432a719b108a3bf7af42a1dd"
  integrity sha512-b3rppTKm9T+PsVCBEOUR46GWI7fdOs00VKZ1+9c1EWDaDMvjQc6tUwuFyIprgGgTcWoVHSKrU8H31ZHA2e0RHA==

scale-ts@^1.1.0:
  version "1.6.1"
  resolved "https://registry.yarnpkg.com/scale-ts/-/scale-ts-1.6.1.tgz#45151e156d6c04792223c39d8e7484ce926445f2"
  integrity sha512-PBMc2AWc6wSEqJYBDPcyCLUj9/tMKnLX70jLOSndMtcUoLQucP/DM0vnQo1wJAYjTrQiq8iG9rD0q6wFzgjH7g==

secure-json-parse@^2.4.0:
  version "2.7.0"
  resolved "https://registry.yarnpkg.com/secure-json-parse/-/secure-json-parse-2.7.0.tgz#5a5f9cd6ae47df23dba3151edd06855d47e09862"
  integrity sha512-6aU+Rwsezw7VR8/nyvKTx8QpWH9FrcYiXXlqC4z5d5XQBDRqtbfsRjnwGyqbi3gddNtWHuEk9OANUotL26qKUw==

sonic-boom@^3.0.0, sonic-boom@^3.7.0:
  version "3.8.1"
  resolved "https://registry.yarnpkg.com/sonic-boom/-/sonic-boom-3.8.1.tgz#d5ba8c4e26d6176c9a1d14d549d9ff579a163422"
  integrity sha512-y4Z8LCDBuum+PBP3lSV7RHrXscqksve/bi0as7mhwVnBW+/wUqKT/2Kb7um8yqcFy0duYbbPxzt89Zy2nOCaxg==
  dependencies:
    atomic-sleep "^1.0.0"

split2@^4.0.0:
  version "4.2.0"
  resolved "https://registry.yarnpkg.com/split2/-/split2-4.2.0.tgz#c9c5920904d148bab0b9f67145f245a86aadbfa4"
  integrity sha512-UcjcJOWknrNkF6PLX83qcHM6KHgVKNkV62Y8a5uYDVv9ydGQVwAHMKqHdJje1VTWpljG0WYpCDhrCdAOYH4TWg==

string_decoder@^1.3.0:
  version "1.3.0"
  resolved "https://registry.yarnpkg.com/string_decoder/-/string_decoder-1.3.0.tgz#42f114594a46cf1a8e30b0a84f56c78c3edac21e"
  integrity sha512-hkRX8U1WjJFd8LsDJ2yQ/wWWxaopEsABU1XfkM8A+j0+85JAGppt16cr1Whg6KIbb4okU6Mql6BOj+uup/wKeA==
  dependencies:
    safe-buffer "~5.2.0"

strip-json-comments@^3.1.1:
  version "3.1.1"
  resolved "https://registry.yarnpkg.com/strip-json-comments/-/strip-json-comments-3.1.1.tgz#31f1281b3832630434831c310c01cccda8cbe006"
  integrity sha512-6fPc+R4ihwqP6N/aIv2f1gMH8lOVtWQHoqC4yK6oSDVVocumAsfCqjkXnqiYMhmMwS/mEHLp7Vehlt3ql6lEig==

thread-stream@^2.6.0:
  version "2.7.0"
  resolved "https://registry.yarnpkg.com/thread-stream/-/thread-stream-2.7.0.tgz#d8a8e1b3fd538a6cca8ce69dbe5d3d097b601e11"
  integrity sha512-qQiRWsU/wvNolI6tbbCKd9iKaTnCXsTwVxhhKM6nctPdujTyztjlbUkUTUymidWcMnZ5pWR0ej4a0tjsW021vw==
  dependencies:
    real-require "^0.2.0"

tslib@^2.1.0:
  version "2.8.1"
  resolved "https://registry.yarnpkg.com/tslib/-/tslib-2.8.1.tgz#612efe4ed235d567e8aba5f2a5fab70280ade83f"
  integrity sha512-oJFu94HQb+KVduSUQL7wnpmqnfmLsOA/nAh6b6EH0wCEoK0/mPeXU6c3wKDV83MkOuHPRHtSXKKU99IBazS/2w==

tsx@^4.19.2:
  version "4.21.0"
  resolved "https://registry.yarnpkg.com/tsx/-/tsx-4.21.0.tgz#32aa6cf17481e336f756195e6fe04dae3e6308b1"
  integrity sha512-5C1sg4USs1lfG0GFb2RLXsdpXqBSEhAaA/0kPL01wxzpMqLILNxIxIOKiILz+cdg/pLnOUxFYOR5yhHU666wbw==
  dependencies:
    esbuild "~0.27.0"
    get-tsconfig "^4.7.5"
  optionalDependencies:
    fsevents "~2.3.3"

typescript@^5.2.2:
  version "5.9.3"
  resolved "https://registry.yarnpkg.com/typescript/-/typescript-5.9.3.tgz#5b4f59e15310ab17a216f5d6cf53ee476ede670f"
  integrity sha512-jl1vZzPDinLr9eUt3J/t7V6FgNEw9QjvBPdysz9KfQDD41fQrC2Y4vKQdiaUpFT4bXlb1RHhLpp8wtm6M5TgSw==

undici-types@~5.26.4:
  version "5.26.5"
  resolved "https://registry.yarnpkg.com/undici-types/-/undici-types-5.26.5.tgz#bcd539893d00b56e964fd2657a4866b221a65617"
  integrity sha512-JlCMO+ehdEIKqlFxk6IfVoAUVmgz7cU7zD/h9XZ0qzeosSHmUJVOzSQvvYSYWXkFXC+IfLKSIffhv0sVZup6pA==

web-streams-polyfill@^3.0.3:
  version "3.3.3"
  resolved "https://registry.yarnpkg.com/web-streams-polyfill/-/web-streams-polyfill-3.3.3.tgz#2073b91a2fdb1fbfbd401e7de0ac9f8214cecb4b"
  integrity sha512-d2JWLCivmZYTSIoge9MsgFCZrt571BikcWGYkjC1khllbTeDlGqZ2D8vD8E/lJa8WGWbb7Plm8/XJYV7IJHZZw==

wrappy@1:
  version "1.0.2"
  resolved "https://registry.yarnpkg.com/wrappy/-/wrappy-1.0.2.tgz#b5243d8f3ec1aa35f1364605bc0d1036e30ab69f"
  integrity sha512-l4Sp/DRseor9wL6EvV2+TuQn63dMkPjZ/sp9XkghTEbV9KlPS1xUsZ3u7/IQO4wxtcFB4bgpQPRcR3QCvezPcQ==

ws@^8.8.1:
  version "8.18.3"
  resolved "https://registry.yarnpkg.com/ws/-/ws-8.18.3.tgz#b56b88abffde62791c639170400c93dcb0c95472"
  integrity sha512-PEIGCY5tSlUt50cqyMXfCzX+oOPqN0vuGqWzbcJ2xvnkzkq46oOpz7dQaTDBdfICb4N14+GARUDw2XV2N4tvzg==
